
Microsoft Visual Studio Solution File, Format Version 12.00
# Visual Studio Version 17
VisualStudioVersion = 17.6.33723.286
MinimumVisualStudioVersion = 10.0.40219.1
Project("{FAE04EC0-301F-11D3-BF4B-00C04F79EFBC}") = "01_conditional", "01_conditional\01_conditional.csproj", "{6FF1DEF7-5655-4502-8DAD-00CEF18DD277}"
EndProject
Global
	GlobalSection(SolutionConfigurationPlatforms) = preSolution
		Debug|Any CPU = Debug|Any CPU
		Release|Any CPU = Release|Any CPU
	EndGlobalSection
	GlobalSection(ProjectConfigurationPlatforms) = postSolution
		{6FF1DEF7-5655-4502-8DAD-00CEF18DD277}.Debug|Any CPU.ActiveCfg = Debug|Any CPU
		{6FF1DEF7-5655-4502-8DAD-00CEF18DD277}.Debug|Any CPU.Build.0 = Debug|Any CPU
		{6FF1DEF7-5655-4502-8DAD-00CEF18DD277}.Release|Any CPU.ActiveCfg = Release|Any CPU
		{6FF1DEF7-5655-4502-8DAD-00CEF18DD277}.Release|Any CPU.Build.0 = Release|Any CPU
	EndGlobalSection
	GlobalSection(SolutionProperties) = preSolution
		HideSolutionNode = FALSE
	EndGlobalSection
	GlobalSection(ExtensibilityGlobals) = postSolution
		SolutionGuid = {D63C34D1-7D90-45B5-AC04-0AC00C76EB49}
	EndGlobalSection
EndGlobal
